
Microsoft Visual Studio Solution File, Format Version 12.00
# Visual Studio Version 16
VisualStudioVersion = 16.0.29001.49
MinimumVisualStudioVersion = 10.0.40219.1
Project("{FAE04EC0-301F-11D3-BF4B-00C04F79EFBC}") = "PickerPlaceholder.UWP", "PickerPlaceholder.UWP\PickerPlaceholder.UWP.csproj", "{3EEB9FC8-A42F-499F-8EF5-946EAB27FB10}"
EndProject
Project("{FAE04EC0-301F-11D3-BF4B-00C04F79EFBC}") = "PickerPlaceholder.Android", "PickerPlaceholder.Android\PickerPlaceholder.Android.csproj", "{2EB206EB-4319-41BD-86F1-F8C6DA37E838}"
EndProject
Project("{FAE04EC0-301F-11D3-BF4B-00C04F79EFBC}") = "PickerPlaceholder.iOS", "PickerPlaceholder.iOS\PickerPlaceholder.iOS.csproj", "{084FD1FD-8D06-4083-A42D-D12D57C89AA9}"
EndProject
Project("{FAE04EC0-301F-11D3-BF4B-00C04F79EFBC}") = "PickerPlaceholder", "PickerPlaceholder\PickerPlaceholder.csproj", "{C3D08349-6F84-49E5-823B-12C23B410883}"
EndProject
Global
	GlobalSection(SolutionConfigurationPlatforms) = preSolution
		Debug|Any CPU = Debug|Any CPU
		Debug|ARM = Debug|ARM
		Debug|iPhone = Debug|iPhone
		Debug|iPhoneSimulator = Debug|iPhoneSimulator
		Debug|x64 = Debug|x64
		Debug|x86 = Debug|x86
		Release|Any CPU = Release|Any CPU
		Release|ARM = Release|ARM
		Release|iPhone = Release|iPhone
		Release|iPhoneSimulator = Release|iPhoneSimulator
		Release|x64 = Release|x64
		Release|x86 = Release|x86
	EndGlobalSection
	GlobalSection(ProjectConfigurationPlatforms) = postSolution
		{3EEB9FC8-A42F-499F-8EF5-946EAB27FB10}.Debug|Any CPU.ActiveCfg = Debug|x86
		{3EEB9FC8-A42F-499F-8EF5-946EAB27FB10}.Debug|Any CPU.Build.0 = Debug|x86
		{3EEB9FC8-A42F-499F-8EF5-946EAB27FB10}.Debug|Any CPU.Deploy.0 = Debug|x86
		{3EEB9FC8-A42F-499F-8EF5-946EAB27FB10}.Debug|ARM.ActiveCfg = Debug|ARM
		{3EEB9FC8-A42F-499F-8EF5-946EAB27FB10}.Debug|ARM.Build.0 = Debug|ARM
		{3EEB9FC8-A42F-499F-8EF5-946EAB27FB10}.Debug|ARM.Deploy.0 = Debug|ARM
		{3EEB9FC8-A42F-499F-8EF5-946EAB27FB10}.Debug|iPhone.ActiveCfg = Debug|x86
		{3EEB9FC8-A42F-499F-8EF5-946EAB27FB10}.Debug|iPhone.Build.0 = Debug|x86
		{3EEB9FC8-A42F-499F-8EF5-946EAB27FB10}.Debug|iPhone.Deploy.0 = Debug|x86
		{3EEB9FC8-A42F-499F-8EF5-946EAB27FB10}.Debug|iPhoneSimulator.ActiveCfg = Debug|x86
		{3EEB9FC8-A42F-499F-8EF5-946EAB27FB10}.Debug|iPhoneSimulator.Build.0 = Debug|x86
		{3EEB9FC8-A42F-499F-8EF5-946EAB27FB10}.Debug|iPhoneSimulator.Deploy.0 = Debug|x86
		{3EEB9FC8-A42F-499F-8EF5-946EAB27FB10}.Debug|x64.ActiveCfg = Debug|x64
		{3EEB9FC8-A42F-499F-8EF5-946EAB27FB10}.Debug|x64.Build.0 = Debug|x64
		{3EEB9FC8-A42F-499F-8EF5-946EAB27FB10}.Debug|x64.Deploy.0 = Debug|x64
		{3EEB9FC8-A42F-499F-8EF5-946EAB27FB10}.Debug|x86.ActiveCfg = Debug|x86
		{3EEB9FC8-A42F-499F-8EF5-946EAB27FB10}.Debug|x86.Build.0 = Debug|x86
		{3EEB9FC8-A42F-499F-8EF5-946EAB27FB10}.Debug|x86.Deploy.0 = Debug|x86
		{3EEB9FC8-A42F-499F-8EF5-946EAB27FB10}.Release|Any CPU.ActiveCfg = Release|x86
		{3EEB9FC8-A42F-499F-8EF5-946EAB27FB10}.Release|Any CPU.Build.0 = Release|x86
		{3EEB9FC8-A42F-499F-8EF5-946EAB27FB10}.Release|Any CPU.Deploy.0 = Release|x86
		{3EEB9FC8-A42F-499F-8EF5-946EAB27FB10}.Release|ARM.ActiveCfg = Release|ARM
		{3EEB9FC8-A42F-499F-8EF5-946EAB27FB10}.Release|ARM.Build.0 = Release|ARM
		{3EEB9FC8-A42F-499F-8EF5-946EAB27FB10}.Release|ARM.Deploy.0 = Release|ARM
		{3EEB9FC8-A42F-499F-8EF5-946EAB27FB10}.Release|iPhone.ActiveCfg = Release|x86
		{3EEB9FC8-A42F-499F-8EF5-946EAB27FB10}.Release|iPhone.Build.0 = Release|x86
		{3EEB9FC8-A42F-499F-8EF5-946EAB27FB10}.Release|iPhone.Deploy.0 = Release|x86
		{3EEB9FC8-A42F-499F-8EF5-946EAB27FB10}.Release|iPhoneSimulator.ActiveCfg = Release|x86
		{3EEB9FC8-A42F-499F-8EF5-946EAB27FB10}.Release|iPhoneSimulator.Build.0 = Release|x86
		{3EEB9FC8-A42F-499F-8EF5-946EAB27FB10}.Release|iPhoneSimulator.Deploy.0 = Release|x86
		{3EEB9FC8-A42F-499F-8EF5-946EAB27FB10}.Release|x64.ActiveCfg = Release|x64
		{3EEB9FC8-A42F-499F-8EF5-946EAB27FB10}.Release|x64.Build.0 = Release|x64
		{3EEB9FC8-A42F-499F-8EF5-946EAB27FB10}.Release|x64.Deploy.0 = Release|x64
		{3EEB9FC8-A42F-499F-8EF5-946EAB27FB10}.Release|x86.ActiveCfg = Release|x86
		{3EEB9FC8-A42F-499F-8EF5-946EAB27FB10}.Release|x86.Build.0 = Release|x86
		{3EEB9FC8-A42F-499F-8EF5-946EAB27FB10}.Release|x86.Deploy.0 = Release|x86
		{2EB206EB-4319-41BD-86F1-F8C6DA37E838}.Debug|Any CPU.ActiveCfg = Debug|Any CPU
		{2EB206EB-4319-41BD-86F1-F8C6DA37E838}.Debug|Any CPU.Build.0 = Debug|Any CPU
		{2EB206EB-4319-41BD-86F1-F8C6DA37E838}.Debug|Any CPU.Deploy.0 = Debug|Any CPU
		{2EB206EB-4319-41BD-86F1-F8C6DA37E838}.Debug|ARM.ActiveCfg = Debug|Any CPU
		{2EB206EB-4319-41BD-86F1-F8C6DA37E838}.Debug|ARM.Build.0 = Debug|Any CPU
		{2EB206EB-4319-41BD-86F1-F8C6DA37E838}.Debug|ARM.Deploy.0 = Debug|Any CPU
		{2EB206EB-4319-41BD-86F1-F8C6DA37E838}.Debug|iPhone.ActiveCfg = Debug|Any CPU
		{2EB206EB-4319-41BD-86F1-F8C6DA37E838}.Debug|iPhone.Build.0 = Debug|Any CPU
		{2EB206EB-4319-41BD-86F1-F8C6DA37E838}.Debug|iPhone.Deploy.0 = Debug|Any CPU
		{2EB206EB-4319-41BD-86F1-F8C6DA37E838}.Debug|iPhoneSimulator.ActiveCfg = Debug|Any CPU
		{2EB206EB-4319-41BD-86F1-F8C6DA37E838}.Debug|iPhoneSimulator.Build.0 = Debug|Any CPU
		{2EB206EB-4319-41BD-86F1-F8C6DA37E838}.Debug|iPhoneSimulator.Deploy.0 = Debug|Any CPU
		{2EB206EB-4319-41BD-86F1-F8C6DA37E838}.Debug|x64.ActiveCfg = Debug|Any CPU
		{2EB206EB-4319-41BD-86F1-F8C6DA37E838}.Debug|x64.Build.0 = Debug|Any CPU
		{2EB206EB-4319-41BD-86F1-F8C6DA37E838}.Debug|x64.Deploy.0 = Debug|Any CPU
		{2EB206EB-4319-41BD-86F1-F8C6DA37E838}.Debug|x86.ActiveCfg = Debug|Any CPU
		{2EB206EB-4319-41BD-86F1-F8C6DA37E838}.Debug|x86.Build.0 = Debug|Any CPU
		{2EB206EB-4319-41BD-86F1-F8C6DA37E838}.Debug|x86.Deploy.0 = Debug|Any CPU
		{2EB206EB-4319-41BD-86F1-F8C6DA37E838}.Release|Any CPU.ActiveCfg = Release|Any CPU
		{2EB206EB-4319-41BD-86F1-F8C6DA37E838}.Release|Any CPU.Build.0 = Release|Any CPU
		{2EB206EB-4319-41BD-86F1-F8C6DA37E838}.Release|Any CPU.Deploy.0 = Release|Any CPU
		{2EB206EB-4319-41BD-86F1-F8C6DA37E838}.Release|ARM.ActiveCfg = Release|Any CPU
		{2EB206EB-4319-41BD-86F1-F8C6DA37E838}.Release|ARM.Build.0 = Release|Any CPU
		{2EB206EB-4319-41BD-86F1-F8C6DA37E838}.Release|ARM.Deploy.0 = Release|Any CPU
		{2EB206EB-4319-41BD-86F1-F8C6DA37E838}.Release|iPhone.ActiveCfg = Release|Any CPU
		{2EB206EB-4319-41BD-86F1-F8C6DA37E838}.Release|iPhone.Build.0 = Release|Any CPU
		{2EB206EB-4319-41BD-86F1-F8C6DA37E838}.Release|iPhone.Deploy.0 = Release|Any CPU
		{2EB206EB-4319-41BD-86F1-F8C6DA37E838}.Release|iPhoneSimulator.ActiveCfg = Release|Any CPU
		{2EB206EB-4319-41BD-86F1-F8C6DA37E838}.Release|iPhoneSimulator.Build.0 = Release|Any CPU
		{2EB206EB-4319-41BD-86F1-F8C6DA37E838}.Release|iPhoneSimulator.Deploy.0 = Release|Any CPU
		{2EB206EB-4319-41BD-86F1-F8C6DA37E838}.Release|x64.ActiveCfg = Release|Any CPU
		{2EB206EB-4319-41BD-86F1-F8C6DA37E838}.Release|x64.Build.0 = Release|Any CPU
		{2EB206EB-4319-41BD-86F1-F8C6DA37E838}.Release|x64.Deploy.0 = Release|Any CPU
		{2EB206EB-4319-41BD-86F1-F8C6DA37E838}.Release|x86.ActiveCfg = Release|Any CPU
		{2EB206EB-4319-41BD-86F1-F8C6DA37E838}.Release|x86.Build.0 = Release|Any CPU
		{2EB206EB-4319-41BD-86F1-F8C6DA37E838}.Release|x86.Deploy.0 = Release|Any CPU
		{084FD1FD-8D06-4083-A42D-D12D57C89AA9}.Debug|Any CPU.ActiveCfg = Debug|iPhone
		{084FD1FD-8D06-4083-A42D-D12D57C89AA9}.Debug|Any CPU.Build.0 = Debug|iPhone
		{084FD1FD-8D06-4083-A42D-D12D57C89AA9}.Debug|Any CPU.Deploy.0 = Debug|iPhone
		{084FD1FD-8D06-4083-A42D-D12D57C89AA9}.Debug|ARM.ActiveCfg = Debug|iPhoneSimulator
		{084FD1FD-8D06-4083-A42D-D12D57C89AA9}.Debug|ARM.Build.0 = Debug|iPhoneSimulator
		{084FD1FD-8D06-4083-A42D-D12D57C89AA9}.Debug|ARM.Deploy.0 = Debug|iPhoneSimulator
		{084FD1FD-8D06-4083-A42D-D12D57C89AA9}.Debug|iPhone.ActiveCfg = Debug|iPhone
		{084FD1FD-8D06-4083-A42D-D12D57C89AA9}.Debug|iPhone.Build.0 = Debug|iPhone
		{084FD1FD-8D06-4083-A42D-D12D57C89AA9}.Debug|iPhone.Deploy.0 = Debug|iPhone
		{084FD1FD-8D06-4083-A42D-D12D57C89AA9}.Debug|iPhoneSimulator.ActiveCfg = Debug|iPhoneSimulator
		{084FD1FD-8D06-4083-A42D-D12D57C89AA9}.Debug|iPhoneSimulator.Build.0 = Debug|iPhoneSimulator
		{084FD1FD-8D06-4083-A42D-D12D57C89AA9}.Debug|iPhoneSimulator.Deploy.0 = Debug|iPhoneSimulator
		{084FD1FD-8D06-4083-A42D-D12D57C89AA9}.Debug|x64.ActiveCfg = Debug|iPhone
		{084FD1FD-8D06-4083-A42D-D12D57C89AA9}.Debug|x64.Build.0 = Debug|iPhone
		{084FD1FD-8D06-4083-A42D-D12D57C89AA9}.Debug|x64.Deploy.0 = Debug|iPhone
		{084FD1FD-8D06-4083-A42D-D12D57C89AA9}.Debug|x86.ActiveCfg = Debug|iPhone
		{084FD1FD-8D06-4083-A42D-D12D57C89AA9}.Debug|x86.Build.0 = Debug|iPhone
		{084FD1FD-8D06-4083-A42D-D12D57C89AA9}.Debug|x86.Deploy.0 = Debug|iPhone
		{084FD1FD-8D06-4083-A42D-D12D57C89AA9}.Release|Any CPU.ActiveCfg = Release|iPhone
		{084FD1FD-8D06-4083-A42D-D12D57C89AA9}.Release|Any CPU.Build.0 = Release|iPhone
		{084FD1FD-8D06-4083-A42D-D12D57C89AA9}.Release|Any CPU.Deploy.0 = Release|iPhone
		{084FD1FD-8D06-4083-A42D-D12D57C89AA9}.Release|ARM.ActiveCfg = Release|iPhone
		{084FD1FD-8D06-4083-A42D-D12D57C89AA9}.Release|ARM.Build.0 = Release|iPhone
		{084FD1FD-8D06-4083-A42D-D12D57C89AA9}.Release|ARM.Deploy.0 = Release|iPhone
		{084FD1FD-8D06-4083-A42D-D12D57C89AA9}.Release|iPhone.ActiveCfg = Release|iPhone
		{084FD1FD-8D06-4083-A42D-D12D57C89AA9}.Release|iPhone.Build.0 = Release|iPhone
		{084FD1FD-8D06-4083-A42D-D12D57C89AA9}.Release|iPhone.Deploy.0 = Release|iPhone
		{084FD1FD-8D06-4083-A42D-D12D57C89AA9}.Release|iPhoneSimulator.ActiveCfg = Release|iPhoneSimulator
		{084FD1FD-8D06-4083-A42D-D12D57C89AA9}.Release|iPhoneSimulator.Build.0 = Release|iPhoneSimulator
		{084FD1FD-8D06-4083-A42D-D12D57C89AA9}.Release|iPhoneSimulator.Deploy.0 = Release|iPhoneSimulator
		{084FD1FD-8D06-4083-A42D-D12D57C89AA9}.Release|x64.ActiveCfg = Release|iPhone
		{084FD1FD-8D06-4083-A42D-D12D57C89AA9}.Release|x64.Build.0 = Release|iPhone
		{084FD1FD-8D06-4083-A42D-D12D57C89AA9}.Release|x64.Deploy.0 = Release|iPhone
		{084FD1FD-8D06-4083-A42D-D12D57C89AA9}.Release|x86.ActiveCfg = Release|iPhone
		{084FD1FD-8D06-4083-A42D-D12D57C89AA9}.Release|x86.Build.0 = Release|iPhone
		{084FD1FD-8D06-4083-A42D-D12D57C89AA9}.Release|x86.Deploy.0 = Release|iPhone
		{C3D08349-6F84-49E5-823B-12C23B410883}.Debug|Any CPU.ActiveCfg = Debug|Any CPU
		{C3D08349-6F84-49E5-823B-12C23B410883}.Debug|Any CPU.Build.0 = Debug|Any CPU
		{C3D08349-6F84-49E5-823B-12C23B410883}.Debug|Any CPU.Deploy.0 = Debug|Any CPU
		{C3D08349-6F84-49E5-823B-12C23B410883}.Debug|ARM.ActiveCfg = Debug|Any CPU
		{C3D08349-6F84-49E5-823B-12C23B410883}.Debug|ARM.Build.0 = Debug|Any CPU
		{C3D08349-6F84-49E5-823B-12C23B410883}.Debug|ARM.Deploy.0 = Debug|Any CPU
		{C3D08349-6F84-49E5-823B-12C23B410883}.Debug|iPhone.ActiveCfg = Debug|Any CPU
		{C3D08349-6F84-49E5-823B-12C23B410883}.Debug|iPhone.Build.0 = Debug|Any CPU
		{C3D08349-6F84-49E5-823B-12C23B410883}.Debug|iPhone.Deploy.0 = Debug|Any CPU
		{C3D08349-6F84-49E5-823B-12C23B410883}.Debug|iPhoneSimulator.ActiveCfg = Debug|Any CPU
		{C3D08349-6F84-49E5-823B-12C23B410883}.Debug|iPhoneSimulator.Build.0 = Debug|Any CPU
		{C3D08349-6F84-49E5-823B-12C23B410883}.Debug|iPhoneSimulator.Deploy.0 = Debug|Any CPU
		{C3D08349-6F84-49E5-823B-12C23B410883}.Debug|x64.ActiveCfg = Debug|Any CPU
		{C3D08349-6F84-49E5-823B-12C23B410883}.Debug|x64.Build.0 = Debug|Any CPU
		{C3D08349-6F84-49E5-823B-12C23B410883}.Debug|x64.Deploy.0 = Debug|Any CPU
		{C3D08349-6F84-49E5-823B-12C23B410883}.Debug|x86.ActiveCfg = Debug|Any CPU
		{C3D08349-6F84-49E5-823B-12C23B410883}.Debug|x86.Build.0 = Debug|Any CPU
		{C3D08349-6F84-49E5-823B-12C23B410883}.Debug|x86.Deploy.0 = Debug|Any CPU
		{C3D08349-6F84-49E5-823B-12C23B410883}.Release|Any CPU.ActiveCfg = Release|Any CPU
		{C3D08349-6F84-49E5-823B-12C23B410883}.Release|Any CPU.Build.0 = Release|Any CPU
		{C3D08349-6F84-49E5-823B-12C23B410883}.Release|Any CPU.Deploy.0 = Release|Any CPU
		{C3D08349-6F84-49E5-823B-12C23B410883}.Release|ARM.ActiveCfg = Release|Any CPU
		{C3D08349-6F84-49E5-823B-12C23B410883}.Release|ARM.Build.0 = Release|Any CPU
		{C3D08349-6F84-49E5-823B-12C23B410883}.Release|ARM.Deploy.0 = Release|Any CPU
		{C3D08349-6F84-49E5-823B-12C23B410883}.Release|iPhone.ActiveCfg = Release|Any CPU
		{C3D08349-6F84-49E5-823B-12C23B410883}.Release|iPhone.Build.0 = Release|Any CPU
		{C3D08349-6F84-49E5-823B-12C23B410883}.Release|iPhone.Deploy.0 = Release|Any CPU
		{C3D08349-6F84-49E5-823B-12C23B410883}.Release|iPhoneSimulator.ActiveCfg = Release|Any CPU
		{C3D08349-6F84-49E5-823B-12C23B410883}.Release|iPhoneSimulator.Build.0 = Release|Any CPU
		{C3D08349-6F84-49E5-823B-12C23B410883}.Release|iPhoneSimulator.Deploy.0 = Release|Any CPU
		{C3D08349-6F84-49E5-823B-12C23B410883}.Release|x64.ActiveCfg = Release|Any CPU
		{C3D08349-6F84-49E5-823B-12C23B410883}.Release|x64.Build.0 = Release|Any CPU
		{C3D08349-6F84-49E5-823B-12C23B410883}.Release|x64.Deploy.0 = Release|Any CPU
		{C3D08349-6F84-49E5-823B-12C23B410883}.Release|x86.ActiveCfg = Release|Any CPU
		{C3D08349-6F84-49E5-823B-12C23B410883}.Release|x86.Build.0 = Release|Any CPU
		{C3D08349-6F84-49E5-823B-12C23B410883}.Release|x86.Deploy.0 = Release|Any CPU
	EndGlobalSection
	GlobalSection(SolutionProperties) = preSolution
		HideSolutionNode = FALSE
	EndGlobalSection
	GlobalSection(ExtensibilityGlobals) = postSolution
		SolutionGuid = {B57AB02B-AA1F-4119-8FA3-DFE1628A04E2}
	EndGlobalSection
EndGlobal
